
Microsoft Visual Studio Solution File, Format Version 11.00
# Visual Studio 2010
Project("{FAE04EC0-301F-11D3-BF4B-00C04F79EFBC}") = "CodeToVBD", "CodeToVBD\CodeToVBD.csproj", "{C7F49E2B-1CA2-44C2-8142-EA19A68B5E8B}"
EndProject
Global
	GlobalSection(SolutionConfigurationPlatforms) = preSolution
		Debug|x86 = Debug|x86
		Release|x86 = Release|x86
	EndGlobalSection
	GlobalSection(ProjectConfigurationPlatforms) = postSolution
		{C7F49E2B-1CA2-44C2-8142-EA19A68B5E8B}.Debug|x86.ActiveCfg = Debug|x86
		{C7F49E2B-1CA2-44C2-8142-EA19A68B5E8B}.Debug|x86.Build.0 = Debug|x86
		{C7F49E2B-1CA2-44C2-8142-EA19A68B5E8B}.Release|x86.ActiveCfg = Release|x86
		{C7F49E2B-1CA2-44C2-8142-EA19A68B5E8B}.Release|x86.Build.0 = Release|x86
	EndGlobalSection
	GlobalSection(SolutionProperties) = preSolution
		HideSolutionNode = FALSE
	EndGlobalSection
EndGlobal
